// !$*UTF8*$!
{
	archiveVersion = 1;
	classes = {
	};
	objectVersion = 56;
	objects = {

/* Begin PBXBuildFile section */
		1B0729ED2A77912700FFF636 /* NewToDoView.swift in Sources */ = {isa = PBXBuildFile; fileRef = 1B0729EC2A77912700FFF636 /* NewToDoView.swift */; };
		1B0729F12A779DC900FFF636 /* ToDoRowView.swift in Sources */ = {isa = PBXBuildFile; fileRef = 1B0729F02A779DC900FFF636 /* ToDoRowView.swift */; };
		1B4425972A7E7A6400313214 /* TodoManager.swift in Sources */ = {isa = PBXBuildFile; fileRef = 1B4425962A7E7A6400313214 /* TodoManager.swift */; };
		1B4425992A7E7E8600313214 /* Todo+Sample.swift in Sources */ = {isa = PBXBuildFile; fileRef = 1B4425982A7E7E8600313214 /* Todo+Sample.swift */; };
		1B44259D2A7EAF8800313214 /* MainTodoListView.swift in Sources */ = {isa = PBXBuildFile; fileRef = 1B44259C2A7EAF8800313214 /* MainTodoListView.swift */; };
		1B44259F2A7EB2AC00313214 /* HowManyMoreView.swift in Sources */ = {isa = PBXBuildFile; fileRef = 1B44259E2A7EB2AC00313214 /* HowManyMoreView.swift */; };
		1B57D2112A7249B00075F590 /* Chore_WarsApp.swift in Sources */ = {isa = PBXBuildFile; fileRef = 1B57D2102A7249B00075F590 /* Chore_WarsApp.swift */; };
		1B57D2132A7249B00075F590 /* ContentView.swift in Sources */ = {isa = PBXBuildFile; fileRef = 1B57D2122A7249B00075F590 /* ContentView.swift */; };
		1B57D2152A7249B20075F590 /* Assets.xcassets in Resources */ = {isa = PBXBuildFile; fileRef = 1B57D2142A7249B20075F590 /* Assets.xcassets */; };
		1B57D2182A7249B20075F590 /* Preview Assets.xcassets in Resources */ = {isa = PBXBuildFile; fileRef = 1B57D2172A7249B20075F590 /* Preview Assets.xcassets */; };
		1B57D2212A724FD80075F590 /* Todo.swift in Sources */ = {isa = PBXBuildFile; fileRef = 1B57D2202A724FD70075F590 /* Todo.swift */; };
		1B57D2232A7261B50075F590 /* TodoDetailView.swift in Sources */ = {isa = PBXBuildFile; fileRef = 1B57D2222A7261B50075F590 /* TodoDetailView.swift */; };
/* End PBXBuildFile section */

/* Begin PBXFileReference section */
		1B0729EC2A77912700FFF636 /* NewToDoView.swift */ = {isa = PBXFileReference; lastKnownFileType = sourcecode.swift; path = NewToDoView.swift; sourceTree = "<group>"; };
		1B0729F02A779DC900FFF636 /* ToDoRowView.swift */ = {isa = PBXFileReference; lastKnownFileType = sourcecode.swift; path = ToDoRowView.swift; sourceTree = "<group>"; };
		1B4425962A7E7A6400313214 /* TodoManager.swift */ = {isa = PBXFileReference; lastKnownFileType = sourcecode.swift; path = TodoManager.swift; sourceTree = "<group>"; };
		1B4425982A7E7E8600313214 /* Todo+Sample.swift */ = {isa = PBXFileReference; lastKnownFileType = sourcecode.swift; path = "Todo+Sample.swift"; sourceTree = "<group>"; };
		1B44259C2A7EAF8800313214 /* MainTodoListView.swift */ = {isa = PBXFileReference; lastKnownFileType = sourcecode.swift; path = MainTodoListView.swift; sourceTree = "<group>"; };
		1B44259E2A7EB2AC00313214 /* HowManyMoreView.swift */ = {isa = PBXFileReference; lastKnownFileType = sourcecode.swift; path = HowManyMoreView.swift; sourceTree = "<group>"; };
		1B57D20D2A7249B00075F590 /* Chore Wars.app */ = {isa = PBXFileReference; explicitFileType = wrapper.application; includeInIndex = 0; path = "Chore Wars.app"; sourceTree = BUILT_PRODUCTS_DIR; };
		1B57D2102A7249B00075F590 /* Chore_WarsApp.swift */ = {isa = PBXFileReference; lastKnownFileType = sourcecode.swift; path = Chore_WarsApp.swift; sourceTree = "<group>"; };
		1B57D2122A7249B00075F590 /* ContentView.swift */ = {isa = PBXFileReference; lastKnownFileType = sourcecode.swift; path = ContentView.swift; sourceTree = "<group>"; };
		1B57D2142A7249B20075F590 /* Assets.xcassets */ = {isa = PBXFileReference; lastKnownFileType = folder.assetcatalog; path = Assets.xcassets; sourceTree = "<group>"; };
		1B57D2172A7249B20075F590 /* Preview Assets.xcassets */ = {isa = PBXFileReference; lastKnownFileType = folder.assetcatalog; path = "Preview Assets.xcassets"; sourceTree = "<group>"; };
		1B57D2202A724FD70075F590 /* Todo.swift */ = {isa = PBXFileReference; lastKnownFileType = sourcecode.swift; path = Todo.swift; sourceTree = "<group>"; };
		1B57D2222A7261B50075F590 /* TodoDetailView.swift */ = {isa = PBXFileReference; lastKnownFileType = sourcecode.swift; path = TodoDetailView.swift; sourceTree = "<group>"; };
/* End PBXFileReference section */

/* Begin PBXFrameworksBuildPhase section */
		1B57D20A2A7249B00075F590 /* Frameworks */ = {
			isa = PBXFrameworksBuildPhase;
			buildActionMask = 2147483647;
			files = (
			);
			runOnlyForDeploymentPostprocessing = 0;
		};
/* End PBXFrameworksBuildPhase section */

/* Begin PBXGroup section */
		1B0729EE2A779CF200FFF636 /* Views */ = {
			isa = PBXGroup;
			children = (
				1B57D2122A7249B00075F590 /* ContentView.swift */,
				1B44259A2A7EAEEC00313214 /* Main Todo List  */,
				1B44259B2A7EAEFF00313214 /* How Many More Tab */,
			);
			path = Views;
			sourceTree = "<group>";
		};
		1B0729EF2A779D3D00FFF636 /* Model and ViewModel */ = {
			isa = PBXGroup;
			children = (
				1B57D2202A724FD70075F590 /* Todo.swift */,
				1B4425962A7E7A6400313214 /* TodoManager.swift */,
				1B4425982A7E7E8600313214 /* Todo+Sample.swift */,
			);
			path = "Model and ViewModel";
			sourceTree = "<group>";
		};
		1B44259A2A7EAEEC00313214 /* Main Todo List  */ = {
			isa = PBXGroup;
			children = (
				1B0729F02A779DC900FFF636 /* ToDoRowView.swift */,
				1B0729EC2A77912700FFF636 /* NewToDoView.swift */,
				1B57D2222A7261B50075F590 /* TodoDetailView.swift */,
				1B44259C2A7EAF8800313214 /* MainTodoListView.swift */,
			);
			path = "Main Todo List ";
			sourceTree = "<group>";
		};
		1B44259B2A7EAEFF00313214 /* How Many More Tab */ = {
			isa = PBXGroup;
			children = (
				1B44259E2A7EB2AC00313214 /* HowManyMoreView.swift */,
			);
			path = "How Many More Tab";
			sourceTree = "<group>";
		};
		1B57D2042A7249B00075F590 = {
			isa = PBXGroup;
			children = (
				1B57D20F2A7249B00075F590 /* Chore Wars */,
				1B57D20E2A7249B00075F590 /* Products */,
			);
			sourceTree = "<group>";
		};
		1B57D20E2A7249B00075F590 /* Products */ = {
			isa = PBXGroup;
			children = (
				1B57D20D2A7249B00075F590 /* Chore Wars.app */,
			);
			name = Products;
			sourceTree = "<group>";
		};
		1B57D20F2A7249B00075F590 /* Chore Wars */ = {
			isa = PBXGroup;
			children = (
				1B0729EF2A779D3D00FFF636 /* Model and ViewModel */,
				1B0729EE2A779CF200FFF636 /* Views */,
				1B57D2142A7249B20075F590 /* Assets.xcassets */,
				1B57D2102A7249B00075F590 /* Chore_WarsApp.swift */,
				1B57D2162A7249B20075F590 /* Preview Content */,
			);
			path = "Chore Wars";
			sourceTree = "<group>";
		};
		1B57D2162A7249B20075F590 /* Preview Content */ = {
			isa = PBXGroup;
			children = (
				1B57D2172A7249B20075F590 /* Preview Assets.xcassets */,
			);
			path = "Preview Content";
			sourceTree = "<group>";
		};
/* End PBXGroup section */

/* Begin PBXNativeTarget section */
		1B57D20C2A7249B00075F590 /* Chore Wars */ = {
			isa = PBXNativeTarget;
			buildConfigurationList = 1B57D21B2A7249B20075F590 /* Build configuration list for PBXNativeTarget "Chore Wars" */;
			buildPhases = (
				1B57D2092A7249B00075F590 /* Sources */,
				1B57D20A2A7249B00075F590 /* Frameworks */,
				1B57D20B2A7249B00075F590 /* Resources */,
			);
			buildRules = (
			);
			dependencies = (
			);
			name = "Chore Wars";
			productName = "Chore Wars";
			productReference = 1B57D20D2A7249B00075F590 /* Chore Wars.app */;
			productType = "com.apple.product-type.application";
		};
/* End PBXNativeTarget section */

/* Begin PBXProject section */
		1B57D2052A7249B00075F590 /* Project object */ = {
			isa = PBXProject;
			attributes = {
				BuildIndependentTargetsInParallel = 1;
				LastSwiftUpdateCheck = 1430;
				LastUpgradeCheck = 1430;
				TargetAttributes = {
					1B57D20C2A7249B00075F590 = {
						CreatedOnToolsVersion = 14.3;
					};
				};
			};
			buildConfigurationList = 1B57D2082A7249B00075F590 /* Build configuration list for PBXProject "Chore Wars" */;
			compatibilityVersion = "Xcode 14.0";
			developmentRegion = en;
			hasScannedForEncodings = 0;
			knownRegions = (
				en,
				Base,
			);
			mainGroup = 1B57D2042A7249B00075F590;
			productRefGroup = 1B57D20E2A7249B00075F590 /* Products */;
			projectDirPath = "";
			projectRoot = "";
			targets = (
				1B57D20C2A7249B00075F590 /* Chore Wars */,
			);
		};
/* End PBXProject section */

/* Begin PBXResourcesBuildPhase section */
		1B57D20B2A7249B00075F590 /* Resources */ = {
			isa = PBXResourcesBuildPhase;
			buildActionMask = 2147483647;
			files = (
				1B57D2182A7249B20075F590 /* Preview Assets.xcassets in Resources */,
				1B57D2152A7249B20075F590 /* Assets.xcassets in Resources */,
			);
			runOnlyForDeploymentPostprocessing = 0;
		};
/* End PBXResourcesBuildPhase section */

/* Begin PBXSourcesBuildPhase section */
		1B57D2092A7249B00075F590 /* Sources */ = {
			isa = PBXSourcesBuildPhase;
			buildActionMask = 2147483647;
			files = (
				1B0729ED2A77912700FFF636 /* NewToDoView.swift in Sources */,
				1B44259F2A7EB2AC00313214 /* HowManyMoreView.swift in Sources */,
				1B57D2132A7249B00075F590 /* ContentView.swift in Sources */,
				1B57D2212A724FD80075F590 /* Todo.swift in Sources */,
				1B57D2112A7249B00075F590 /* Chore_WarsApp.swift in Sources */,
				1B44259D2A7EAF8800313214 /* MainTodoListView.swift in Sources */,
				1B57D2232A7261B50075F590 /* TodoDetailView.swift in Sources */,
				1B0729F12A779DC900FFF636 /* ToDoRowView.swift in Sources */,
				1B4425972A7E7A6400313214 /* TodoManager.swift in Sources */,
				1B4425992A7E7E8600313214 /* Todo+Sample.swift in Sources */,
			);
			runOnlyForDeploymentPostprocessing = 0;
		};
/* End PBXSourcesBuildPhase section */

/* Begin XCBuildConfiguration section */
		1B57D2192A7249B20075F590 /* Debug */ = {
			isa = XCBuildConfiguration;
			buildSettings = {
				ALWAYS_SEARCH_USER_PATHS = NO;
				CLANG_ANALYZER_NONNULL = YES;
				CLANG_ANALYZER_NUMBER_OBJECT_CONVERSION = YES_AGGRESSIVE;
				CLANG_CXX_LANGUAGE_STANDARD = "gnu++20";
				CLANG_ENABLE_MODULES = YES;
				CLANG_ENABLE_OBJC_ARC = YES;
				CLANG_ENABLE_OBJC_WEAK = YES;
				CLANG_WARN_BLOCK_CAPTURE_AUTORELEASING = YES;
				CLANG_WARN_BOOL_CONVERSION = YES;
				CLANG_WARN_COMMA = YES;
				CLANG_WARN_CONSTANT_CONVERSION = YES;
				CLANG_WARN_DEPRECATED_OBJC_IMPLEMENTATIONS = YES;
				CLANG_WARN_DIRECT_OBJC_ISA_USAGE = YES_ERROR;
				CLANG_WARN_DOCUMENTATION_COMMENTS = YES;
				CLANG_WARN_EMPTY_BODY = YES;
				CLANG_WARN_ENUM_CONVERSION = YES;
				CLANG_WARN_INFINITE_RECURSION = YES;
				CLANG_WARN_INT_CONVERSION = YES;
				CLANG_WARN_NON_LITERAL_NULL_CONVERSION = YES;
				CLANG_WARN_OBJC_IMPLICIT_RETAIN_SELF = YES;
				CLANG_WARN_OBJC_LITERAL_CONVERSION = YES;
				CLANG_WARN_OBJC_ROOT_CLASS = YES_ERROR;
				CLANG_WARN_QUOTED_INCLUDE_IN_FRAMEWORK_HEADER = YES;
				CLANG_WARN_RANGE_LOOP_ANALYSIS = YES;
				CLANG_WARN_STRICT_PROTOTYPES = YES;
				CLANG_WARN_SUSPICIOUS_MOVE = YES;
				CLANG_WARN_UNGUARDED_AVAILABILITY = YES_AGGRESSIVE;
				CLANG_WARN_UNREACHABLE_CODE = YES;
				CLANG_WARN__DUPLICATE_METHOD_MATCH = YES;
				COPY_PHASE_STRIP = NO;
				DEBUG_INFORMATION_FORMAT = dwarf;
				ENABLE_STRICT_OBJC_MSGSEND = YES;
				ENABLE_TESTABILITY = YES;
				GCC_C_LANGUAGE_STANDARD = gnu11;
				GCC_DYNAMIC_NO_PIC = NO;
				GCC_NO_COMMON_BLOCKS = YES;
				GCC_OPTIMIZATION_LEVEL = 0;
				GCC_PREPROCESSOR_DEFINITIONS = (
					"DEBUG=1",
					"$(inherited)",
				);
				GCC_WARN_64_TO_32_BIT_CONVERSION = YES;
				GCC_WARN_ABOUT_RETURN_TYPE = YES_ERROR;
				GCC_WARN_UNDECLARED_SELECTOR = YES;
				GCC_WARN_UNINITIALIZED_AUTOS = YES_AGGRESSIVE;
				GCC_WARN_UNUSED_FUNCTION = YES;
				GCC_WARN_UNUSED_VARIABLE = YES;
				IPHONEOS_DEPLOYMENT_TARGET = 16.4;
				MTL_ENABLE_DEBUG_INFO = INCLUDE_SOURCE;
				MTL_FAST_MATH = YES;
				ONLY_ACTIVE_ARCH = YES;
				SDKROOT = iphoneos;
				SWIFT_ACTIVE_COMPILATION_CONDITIONS = DEBUG;
				SWIFT_OPTIMIZATION_LEVEL = "-Onone";
			};
			name = Debug;
		};
		1B57D21A2A7249B20075F590 /* Release */ = {
			isa = XCBuildConfiguration;
			buildSettings = {
				ALWAYS_SEARCH_USER_PATHS = NO;
				CLANG_ANALYZER_NONNULL = YES;
				CLANG_ANALYZER_NUMBER_OBJECT_CONVERSION = YES_AGGRESSIVE;
				CLANG_CXX_LANGUAGE_STANDARD = "gnu++20";
				CLANG_ENABLE_MODULES = YES;
				CLANG_ENABLE_OBJC_ARC = YES;
				CLANG_ENABLE_OBJC_WEAK = YES;
				CLANG_WARN_BLOCK_CAPTURE_AUTORELEASING = YES;
				CLANG_WARN_BOOL_CONVERSION = YES;
				CLANG_WARN_COMMA = YES;
				CLANG_WARN_CONSTANT_CONVERSION = YES;
				CLANG_WARN_DEPRECATED_OBJC_IMPLEMENTATIONS = YES;
				CLANG_WARN_DIRECT_OBJC_ISA_USAGE = YES_ERROR;
				CLANG_WARN_DOCUMENTATION_COMMENTS = YES;
				CLANG_WARN_EMPTY_BODY = YES;
				CLANG_WARN_ENUM_CONVERSION = YES;
				CLANG_WARN_INFINITE_RECURSION = YES;
				CLANG_WARN_INT_CONVERSION = YES;
				CLANG_WARN_NON_LITERAL_NULL_CONVERSION = YES;
				CLANG_WARN_OBJC_IMPLICIT_RETAIN_SELF = YES;
				CLANG_WARN_OBJC_LITERAL_CONVERSION = YES;
				CLANG_WARN_OBJC_ROOT_CLASS = YES_ERROR;
				CLANG_WARN_QUOTED_INCLUDE_IN_FRAMEWORK_HEADER = YES;
				CLANG_WARN_RANGE_LOOP_ANALYSIS = YES;
				CLANG_WARN_STRICT_PROTOTYPES = YES;
				CLANG_WARN_SUSPICIOUS_MOVE = YES;
				CLANG_WARN_UNGUARDED_AVAILABILITY = YES_AGGRESSIVE;
				CLANG_WARN_UNREACHABLE_CODE = YES;
				CLANG_WARN__DUPLICATE_METHOD_MATCH = YES;
				COPY_PHASE_STRIP = NO;
				DEBUG_INFORMATION_FORMAT = "dwarf-with-dsym";
				ENABLE_NS_ASSERTIONS = NO;
				ENABLE_STRICT_OBJC_MSGSEND = YES;
				GCC_C_LANGUAGE_STANDARD = gnu11;
				GCC_NO_COMMON_BLOCKS = YES;
				GCC_WARN_64_TO_32_BIT_CONVERSION = YES;
				GCC_WARN_ABOUT_RETURN_TYPE = YES_ERROR;
				GCC_WARN_UNDECLARED_SELECTOR = YES;
				GCC_WARN_UNINITIALIZED_AUTOS = YES_AGGRESSIVE;
				GCC_WARN_UNUSED_FUNCTION = YES;
				GCC_WARN_UNUSED_VARIABLE = YES;
				IPHONEOS_DEPLOYMENT_TARGET = 16.4;
				MTL_ENABLE_DEBUG_INFO = NO;
				MTL_FAST_MATH = YES;
				SDKROOT = iphoneos;
				SWIFT_COMPILATION_MODE = wholemodule;
				SWIFT_OPTIMIZATION_LEVEL = "-O";
				VALIDATE_PRODUCT = YES;
			};
			name = Release;
		};
		1B57D21C2A7249B20075F590 /* Debug */ = {
			isa = XCBuildConfiguration;
			buildSettings = {
				ASSETCATALOG_COMPILER_APPICON_NAME = AppIcon;
				ASSETCATALOG_COMPILER_GLOBAL_ACCENT_COLOR_NAME = AccentColor;
				CODE_SIGN_STYLE = Automatic;
				CURRENT_PROJECT_VERSION = 1;
				DEVELOPMENT_ASSET_PATHS = "\"Chore Wars/Preview Content\"";
				ENABLE_PREVIEWS = YES;
				GENERATE_INFOPLIST_FILE = YES;
				INFOPLIST_KEY_UIApplicationSceneManifest_Generation = YES;
				INFOPLIST_KEY_UIApplicationSupportsIndirectInputEvents = YES;
				INFOPLIST_KEY_UILaunchScreen_Generation = YES;
				INFOPLIST_KEY_UISupportedInterfaceOrientations_iPad = "UIInterfaceOrientationPortrait UIInterfaceOrientationPortraitUpsideDown UIInterfaceOrientationLandscapeLeft UIInterfaceOrientationLandscapeRight";
				INFOPLIST_KEY_UISupportedInterfaceOrientations_iPhone = "UIInterfaceOrientationPortrait UIInterfaceOrientationLandscapeLeft UIInterfaceOrientationLandscapeRight";
				LD_RUNPATH_SEARCH_PATHS = (
					"$(inherited)",
					"@executable_path/Frameworks",
				);
				MARKETING_VERSION = 1.0;
				PRODUCT_BUNDLE_IDENTIFIER = "ss.dp.Chore-Wars";
				PRODUCT_NAME = "$(TARGET_NAME)";
				SWIFT_EMIT_LOC_STRINGS = YES;
				SWIFT_VERSION = 5.0;
				TARGETED_DEVICE_FAMILY = "1,2";
			};
			name = Debug;
		};
		1B57D21D2A7249B20075F590 /* Release */ = {
			isa = XCBuildConfiguration;
			buildSettings = {
				ASSETCATALOG_COMPILER_APPICON_NAME = AppIcon;
				ASSETCATALOG_COMPILER_GLOBAL_ACCENT_COLOR_NAME = AccentColor;
				CODE_SIGN_STYLE = Automatic;
				CURRENT_PROJECT_VERSION = 1;
				DEVELOPMENT_ASSET_PATHS = "\"Chore Wars/Preview Content\"";
				ENABLE_PREVIEWS = YES;
				GENERATE_INFOPLIST_FILE = YES;
				INFOPLIST_KEY_UIApplicationSceneManifest_Generation = YES;
				INFOPLIST_KEY_UIApplicationSupportsIndirectInputEvents = YES;
				INFOPLIST_KEY_UILaunchScreen_Generation = YES;
				INFOPLIST_KEY_UISupportedInterfaceOrientations_iPad = "UIInterfaceOrientationPortrait UIInterfaceOrientationPortraitUpsideDown UIInterfaceOrientationLandscapeLeft UIInterfaceOrientationLandscapeRight";
				INFOPLIST_KEY_UISupportedInterfaceOrientations_iPhone = "UIInterfaceOrientationPortrait UIInterfaceOrientationLandscapeLeft UIInterfaceOrientationLandscapeRight";
				LD_RUNPATH_SEARCH_PATHS = (
					"$(inherited)",
					"@executable_path/Frameworks",
				);
				MARKETING_VERSION = 1.0;
				PRODUCT_BUNDLE_IDENTIFIER = "ss.dp.Chore-Wars";
				PRODUCT_NAME = "$(TARGET_NAME)";
				SWIFT_EMIT_LOC_STRINGS = YES;
				SWIFT_VERSION = 5.0;
				TARGETED_DEVICE_FAMILY = "1,2";
			};
			name = Release;
		};
/* End XCBuildConfiguration section */

/* Begin XCConfigurationList section */
		1B57D2082A7249B00075F590 /* Build configuration list for PBXProject "Chore Wars" */ = {
			isa = XCConfigurationList;
			buildConfigurations = (
				1B57D2192A7249B20075F590 /* Debug */,
				1B57D21A2A7249B20075F590 /* Release */,
			);
			defaultConfigurationIsVisible = 0;
			defaultConfigurationName = Release;
		};
		1B57D21B2A7249B20075F590 /* Build configuration list for PBXNativeTarget "Chore Wars" */ = {
			isa = XCConfigurationList;
			buildConfigurations = (
				1B57D21C2A7249B20075F590 /* Debug */,
				1B57D21D2A7249B20075F590 /* Release */,
			);
			defaultConfigurationIsVisible = 0;
			defaultConfigurationName = Release;
		};
/* End XCConfigurationList section */
	};
	rootObject = 1B57D2052A7249B00075F590 /* Project object */;
}
